
Microsoft Visual Studio Solution File, Format Version 12.00
# Visual Studio 15
VisualStudioVersion = 15.0.28307.421
MinimumVisualStudioVersion = 10.0.40219.1
Project("{FAE04EC0-301F-11D3-BF4B-00C04F79EFBC}") = "ConsoleApp1", "ConsoleApp1\ConsoleApp1.csproj", "{6F624990-102B-484B-B7FA-50F4149FDC3C}"
EndProject
Global
	GlobalSection(SolutionConfigurationPlatforms) = preSolution
		Debug|Any CPU = Debug|Any CPU
		Release|Any CPU = Release|Any CPU
	EndGlobalSection
	GlobalSection(ProjectConfigurationPlatforms) = postSolution
		{6F624990-102B-484B-B7FA-50F4149FDC3C}.Debug|Any CPU.ActiveCfg = Debug|Any CPU
		{6F624990-102B-484B-B7FA-50F4149FDC3C}.Debug|Any CPU.Build.0 = Debug|Any CPU
		{6F624990-102B-484B-B7FA-50F4149FDC3C}.Release|Any CPU.ActiveCfg = Release|Any CPU
		{6F624990-102B-484B-B7FA-50F4149FDC3C}.Release|Any CPU.Build.0 = Release|Any CPU
	EndGlobalSection
	GlobalSection(SolutionProperties) = preSolution
		HideSolutionNode = FALSE
	EndGlobalSection
	GlobalSection(ExtensibilityGlobals) = postSolution
		SolutionGuid = {0B3B745E-A4A2-44A2-A051-65DD0876568A}
	EndGlobalSection
EndGlobal
